{
  "requires": true,
  "lockfileVersion": 1,
  "dependencies": {
    "responsive-sketchpad": {
      "version": "1.2.1",
      "resolved": "https://registry.npmjs.org/responsive-sketchpad/-/responsive-sketchpad-1.2.1.tgz",
      "integrity": "sha512-Pp9j7aco03h5HTZYAlrKNYb5YYzrerjbcc6KR5VdBVC7b9GDvWTGrXUUwTeJaS5sFMKA+P1hMNj6CDUbfeniuw=="
    }
  }
}
